
Microsoft Visual Studio Solution File, Format Version 12.00
# Visual Studio Version 17
VisualStudioVersion = 17.9.34728.123
MinimumVisualStudioVersion = 10.0.40219.1
Project("{FAE04EC0-301F-11D3-BF4B-00C04F79EFBC}") = "AssigConsoleApp1", "AssigConsoleApp1\AssigConsoleApp1.csproj", "{23414715-CDE4-4027-9450-01C0B2E6F02B}"
EndProject
Global
	GlobalSection(SolutionConfigurationPlatforms) = preSolution
		Debug|Any CPU = Debug|Any CPU
		Release|Any CPU = Release|Any CPU
	EndGlobalSection
	GlobalSection(ProjectConfigurationPlatforms) = postSolution
		{23414715-CDE4-4027-9450-01C0B2E6F02B}.Debug|Any CPU.ActiveCfg = Debug|Any CPU
		{23414715-CDE4-4027-9450-01C0B2E6F02B}.Debug|Any CPU.Build.0 = Debug|Any CPU
		{23414715-CDE4-4027-9450-01C0B2E6F02B}.Release|Any CPU.ActiveCfg = Release|Any CPU
		{23414715-CDE4-4027-9450-01C0B2E6F02B}.Release|Any CPU.Build.0 = Release|Any CPU
	EndGlobalSection
	GlobalSection(SolutionProperties) = preSolution
		HideSolutionNode = FALSE
	EndGlobalSection
	GlobalSection(ExtensibilityGlobals) = postSolution
		SolutionGuid = {3C3CAABD-1C72-4E33-A5AF-653D65D19A0B}
	EndGlobalSection
EndGlobal
